
Microsoft Visual Studio Solution File, Format Version 12.00
# Visual Studio Version 17
VisualStudioVersion = 17.2.32516.85
MinimumVisualStudioVersion = 10.0.40219.1
Project("{2150E333-8FDC-42A3-9474-1A3956D46DE8}") = "Services", "Services", "{5F399EA3-E19B-46A1-A889-EDB6223919A8}"
EndProject
Project("{2150E333-8FDC-42A3-9474-1A3956D46DE8}") = "Catalog", "Catalog", "{F9410954-3AFF-4132-98D5-18B5FAA1022B}"
EndProject
Project("{9A19103F-16F7-4668-BE54-9A1E7A4F7556}") = "Catalog.API", "Services\Catalog\Catalog.API\Catalog.API.csproj", "{BD46EB6D-3482-422C-BA4F-CD0F994D0901}"
EndProject
Project("{E53339B2-1760-4266-BCC7-CA923CBCF16C}") = "docker-compose", "docker-compose.dcproj", "{D8FEA5AE-EF8F-425E-9C08-B3FC9E66EDD3}"
EndProject
Project("{2150E333-8FDC-42A3-9474-1A3956D46DE8}") = "Basket", "Basket", "{06173617-413D-4E40-8A98-3C27EF08C243}"
EndProject
Project("{9A19103F-16F7-4668-BE54-9A1E7A4F7556}") = "Basket.API", "Services\Basket\Basket.API\Basket.API.csproj", "{A58F0BD0-0447-4565-AE7C-508EBEFE4E1E}"
EndProject
Project("{2150E333-8FDC-42A3-9474-1A3956D46DE8}") = "Discount", "Discount", "{631D7ED5-7133-4998-8D84-5A5DCF5567B3}"
EndProject
Project("{9A19103F-16F7-4668-BE54-9A1E7A4F7556}") = "Discount.API", "Services\Discount\Discount.API\Discount.API.csproj", "{A6B86A6E-0A6B-47CB-8EE3-84F1CB70A8C9}"
EndProject
Project("{FAE04EC0-301F-11D3-BF4B-00C04F79EFBC}") = "Discount.Grpc", "Services\Discount\Discount.Grpc\Discount.Grpc.csproj", "{0A99DBD1-A828-4710-81A7-FFE53A74A159}"
EndProject
Global
	GlobalSection(SolutionConfigurationPlatforms) = preSolution
		Debug|Any CPU = Debug|Any CPU
		Release|Any CPU = Release|Any CPU
	EndGlobalSection
	GlobalSection(ProjectConfigurationPlatforms) = postSolution
		{BD46EB6D-3482-422C-BA4F-CD0F994D0901}.Debug|Any CPU.ActiveCfg = Debug|Any CPU
		{BD46EB6D-3482-422C-BA4F-CD0F994D0901}.Debug|Any CPU.Build.0 = Debug|Any CPU
		{BD46EB6D-3482-422C-BA4F-CD0F994D0901}.Release|Any CPU.ActiveCfg = Release|Any CPU
		{BD46EB6D-3482-422C-BA4F-CD0F994D0901}.Release|Any CPU.Build.0 = Release|Any CPU
		{D8FEA5AE-EF8F-425E-9C08-B3FC9E66EDD3}.Debug|Any CPU.ActiveCfg = Debug|Any CPU
		{D8FEA5AE-EF8F-425E-9C08-B3FC9E66EDD3}.Debug|Any CPU.Build.0 = Debug|Any CPU
		{D8FEA5AE-EF8F-425E-9C08-B3FC9E66EDD3}.Release|Any CPU.ActiveCfg = Release|Any CPU
		{D8FEA5AE-EF8F-425E-9C08-B3FC9E66EDD3}.Release|Any CPU.Build.0 = Release|Any CPU
		{A58F0BD0-0447-4565-AE7C-508EBEFE4E1E}.Debug|Any CPU.ActiveCfg = Debug|Any CPU
		{A58F0BD0-0447-4565-AE7C-508EBEFE4E1E}.Debug|Any CPU.Build.0 = Debug|Any CPU
		{A58F0BD0-0447-4565-AE7C-508EBEFE4E1E}.Release|Any CPU.ActiveCfg = Release|Any CPU
		{A58F0BD0-0447-4565-AE7C-508EBEFE4E1E}.Release|Any CPU.Build.0 = Release|Any CPU
		{A6B86A6E-0A6B-47CB-8EE3-84F1CB70A8C9}.Debug|Any CPU.ActiveCfg = Debug|Any CPU
		{A6B86A6E-0A6B-47CB-8EE3-84F1CB70A8C9}.Debug|Any CPU.Build.0 = Debug|Any CPU
		{A6B86A6E-0A6B-47CB-8EE3-84F1CB70A8C9}.Release|Any CPU.ActiveCfg = Release|Any CPU
		{A6B86A6E-0A6B-47CB-8EE3-84F1CB70A8C9}.Release|Any CPU.Build.0 = Release|Any CPU
		{0A99DBD1-A828-4710-81A7-FFE53A74A159}.Debug|Any CPU.ActiveCfg = Debug|Any CPU
		{0A99DBD1-A828-4710-81A7-FFE53A74A159}.Debug|Any CPU.Build.0 = Debug|Any CPU
		{0A99DBD1-A828-4710-81A7-FFE53A74A159}.Release|Any CPU.ActiveCfg = Release|Any CPU
		{0A99DBD1-A828-4710-81A7-FFE53A74A159}.Release|Any CPU.Build.0 = Release|Any CPU
	EndGlobalSection
	GlobalSection(SolutionProperties) = preSolution
		HideSolutionNode = FALSE
	EndGlobalSection
	GlobalSection(NestedProjects) = preSolution
		{F9410954-3AFF-4132-98D5-18B5FAA1022B} = {5F399EA3-E19B-46A1-A889-EDB6223919A8}
		{BD46EB6D-3482-422C-BA4F-CD0F994D0901} = {F9410954-3AFF-4132-98D5-18B5FAA1022B}
		{06173617-413D-4E40-8A98-3C27EF08C243} = {5F399EA3-E19B-46A1-A889-EDB6223919A8}
		{A58F0BD0-0447-4565-AE7C-508EBEFE4E1E} = {06173617-413D-4E40-8A98-3C27EF08C243}
		{631D7ED5-7133-4998-8D84-5A5DCF5567B3} = {5F399EA3-E19B-46A1-A889-EDB6223919A8}
		{A6B86A6E-0A6B-47CB-8EE3-84F1CB70A8C9} = {631D7ED5-7133-4998-8D84-5A5DCF5567B3}
		{0A99DBD1-A828-4710-81A7-FFE53A74A159} = {631D7ED5-7133-4998-8D84-5A5DCF5567B3}
	EndGlobalSection
	GlobalSection(ExtensibilityGlobals) = postSolution
		SolutionGuid = {201A888D-031B-4D37-8219-B1D09CAF1C03}
	EndGlobalSection
EndGlobal
